
Microsoft Visual Studio Solution File, Format Version 12.00
# Visual Studio Version 16
VisualStudioVersion = 16.0.33027.164
MinimumVisualStudioVersion = 10.0.40219.1
Project("{FAE04EC0-301F-11D3-BF4B-00C04F79EFBC}") = "Assembly-CSharp", "Assembly-CSharp.csproj", "{4B4DAC73-E29F-1798-FD4F-B17016A39308}"
EndProject
Project("{FAE04EC0-301F-11D3-BF4B-00C04F79EFBC}") = "Network_Test", "..\Network_Test\Network_Test.csproj", "{E8AE33F7-B73E-4F83-816C-83C864BE647D}"
EndProject
Global
	GlobalSection(SolutionConfigurationPlatforms) = preSolution
		Debug|Any CPU = Debug|Any CPU
		Release|Any CPU = Release|Any CPU
	EndGlobalSection
	GlobalSection(ProjectConfigurationPlatforms) = postSolution
		{4B4DAC73-E29F-1798-FD4F-B17016A39308}.Debug|Any CPU.ActiveCfg = Debug|Any CPU
		{4B4DAC73-E29F-1798-FD4F-B17016A39308}.Debug|Any CPU.Build.0 = Debug|Any CPU
		{4B4DAC73-E29F-1798-FD4F-B17016A39308}.Release|Any CPU.ActiveCfg = Release|Any CPU
		{4B4DAC73-E29F-1798-FD4F-B17016A39308}.Release|Any CPU.Build.0 = Release|Any CPU
		{E8AE33F7-B73E-4F83-816C-83C864BE647D}.Debug|Any CPU.ActiveCfg = Debug|Any CPU
		{E8AE33F7-B73E-4F83-816C-83C864BE647D}.Debug|Any CPU.Build.0 = Debug|Any CPU
		{E8AE33F7-B73E-4F83-816C-83C864BE647D}.Release|Any CPU.ActiveCfg = Release|Any CPU
		{E8AE33F7-B73E-4F83-816C-83C864BE647D}.Release|Any CPU.Build.0 = Release|Any CPU
	EndGlobalSection
	GlobalSection(SolutionProperties) = preSolution
		HideSolutionNode = FALSE
	EndGlobalSection
	GlobalSection(ExtensibilityGlobals) = postSolution
		SolutionGuid = {29F818F9-3AA4-428C-90D8-7C4864F438B9}
	EndGlobalSection
EndGlobal
